
Microsoft Visual Studio Solution File, Format Version 12.00
# Visual Studio Version 17
VisualStudioVersion = 17.5.33530.505
MinimumVisualStudioVersion = 10.0.40219.1
Project("{8BC9CEB8-8B4A-11D0-8D11-00A0C91BC942}") = "Engine", "Engine\Engine.vcxproj", "{FA2FAB2E-F7B5-4375-A255-18A8943CF1D1}"
EndProject
Project("{8BC9CEB8-8B4A-11D0-8D11-00A0C91BC942}") = "Sandbox", "Sandbox\Sandbox.vcxproj", "{400A35BA-0911-45DC-98C6-9379D975324E}"
EndProject
Project("{2150E333-8FDC-42A3-9474-1A3956D46DE8}") = "Libraries", "Libraries", "{1309560D-5D42-444D-9CA0-29AE0D8967AD}"
EndProject
Project("{8BC9CEB8-8B4A-11D0-8D11-00A0C91BC942}") = "SDL2", "Engine\Lib\SDL2\VisualC\SDL\SDL.vcxproj", "{81CE8DAF-EBB2-4761-8E45-B71ABCCA8C68}"
EndProject
Global
	GlobalSection(SolutionConfigurationPlatforms) = preSolution
		Debug|x64 = Debug|x64
		Debug|x86 = Debug|x86
		Release|x64 = Release|x64
		Release|x86 = Release|x86
	EndGlobalSection
	GlobalSection(ProjectConfigurationPlatforms) = postSolution
		{FA2FAB2E-F7B5-4375-A255-18A8943CF1D1}.Debug|x64.ActiveCfg = Debug|x64
		{FA2FAB2E-F7B5-4375-A255-18A8943CF1D1}.Debug|x64.Build.0 = Debug|x64
		{FA2FAB2E-F7B5-4375-A255-18A8943CF1D1}.Debug|x86.ActiveCfg = Debug|Win32
		{FA2FAB2E-F7B5-4375-A255-18A8943CF1D1}.Debug|x86.Build.0 = Debug|Win32
		{FA2FAB2E-F7B5-4375-A255-18A8943CF1D1}.Release|x64.ActiveCfg = Release|x64
		{FA2FAB2E-F7B5-4375-A255-18A8943CF1D1}.Release|x64.Build.0 = Release|x64
		{FA2FAB2E-F7B5-4375-A255-18A8943CF1D1}.Release|x86.ActiveCfg = Release|Win32
		{FA2FAB2E-F7B5-4375-A255-18A8943CF1D1}.Release|x86.Build.0 = Release|Win32
		{400A35BA-0911-45DC-98C6-9379D975324E}.Debug|x64.ActiveCfg = Debug|x64
		{400A35BA-0911-45DC-98C6-9379D975324E}.Debug|x64.Build.0 = Debug|x64
		{400A35BA-0911-45DC-98C6-9379D975324E}.Debug|x86.ActiveCfg = Debug|Win32
		{400A35BA-0911-45DC-98C6-9379D975324E}.Debug|x86.Build.0 = Debug|Win32
		{400A35BA-0911-45DC-98C6-9379D975324E}.Release|x64.ActiveCfg = Release|x64
		{400A35BA-0911-45DC-98C6-9379D975324E}.Release|x64.Build.0 = Release|x64
		{400A35BA-0911-45DC-98C6-9379D975324E}.Release|x86.ActiveCfg = Release|Win32
		{400A35BA-0911-45DC-98C6-9379D975324E}.Release|x86.Build.0 = Release|Win32
		{81CE8DAF-EBB2-4761-8E45-B71ABCCA8C68}.Debug|x64.ActiveCfg = Debug|x64
		{81CE8DAF-EBB2-4761-8E45-B71ABCCA8C68}.Debug|x64.Build.0 = Debug|x64
		{81CE8DAF-EBB2-4761-8E45-B71ABCCA8C68}.Debug|x86.ActiveCfg = Debug|Win32
		{81CE8DAF-EBB2-4761-8E45-B71ABCCA8C68}.Debug|x86.Build.0 = Debug|Win32
		{81CE8DAF-EBB2-4761-8E45-B71ABCCA8C68}.Release|x64.ActiveCfg = Release|x64
		{81CE8DAF-EBB2-4761-8E45-B71ABCCA8C68}.Release|x64.Build.0 = Release|x64
		{81CE8DAF-EBB2-4761-8E45-B71ABCCA8C68}.Release|x86.ActiveCfg = Release|Win32
		{81CE8DAF-EBB2-4761-8E45-B71ABCCA8C68}.Release|x86.Build.0 = Release|Win32
	EndGlobalSection
	GlobalSection(SolutionProperties) = preSolution
		HideSolutionNode = FALSE
	EndGlobalSection
	GlobalSection(NestedProjects) = preSolution
		{81CE8DAF-EBB2-4761-8E45-B71ABCCA8C68} = {1309560D-5D42-444D-9CA0-29AE0D8967AD}
	EndGlobalSection
	GlobalSection(ExtensibilityGlobals) = postSolution
		SolutionGuid = {4DA504BA-AD70-4C5B-B44E-DEEE1BACF3B6}
	EndGlobalSection
EndGlobal
