<?xml version="1.0" encoding="utf-8"?>
<Project ToolsVersion="4.0" xmlns="http://schemas.microsoft.com/developer/msbuild/2003">
  <ItemGroup>
    <Filter Include="Source">
      <UniqueIdentifier>{adb7198b-65a6-49a4-8e4d-e55ca2dfe193}</UniqueIdentifier>
    </Filter>
    <Filter Include="Source\CatWare">
      <UniqueIdentifier>{2a5254f0-5b6a-4f6c-a998-26eefc5102b5}</UniqueIdentifier>
    </Filter>
    <Filter Include="Source\CatWare\Utils">
      <UniqueIdentifier>{84b7d1de-aed9-458f-87d0-4f2dc08d8f42}</UniqueIdentifier>
    </Filter>
    <Filter Include="Source\CatWare\Graphics">
      <UniqueIdentifier>{aa4d41c1-b2d1-40d2-8cf2-230588fb6da9}</UniqueIdentifier>
    </Filter>
    <Filter Include="Source\CatWare\Input">
      <UniqueIdentifier>{ae441230-cdd2-4aa4-a077-79b0bc4219e6}</UniqueIdentifier>
    </Filter>
    <Filter Include="Source\CatWare\Graphics\Renderer">
      <UniqueIdentifier>{1b157823-ad7b-4df5-acfc-3be8135f239e}</UniqueIdentifier>
    </Filter>
    <Filter Include="Source\CatWare\Graphics\Renderer\OpenGL">
      <UniqueIdentifier>{c87ab461-4e26-4208-8e14-21e4801ed9fc}</UniqueIdentifier>
    </Filter>
    <Filter Include="Extern">
      <UniqueIdentifier>{2be96884-981b-4d54-adf1-9d715a2c3a3b}</UniqueIdentifier>
    </Filter>
    <Filter Include="Extern\Glad">
      <UniqueIdentifier>{869a04a4-18da-4d98-b88b-cd76a31cf471}</UniqueIdentifier>
    </Filter>
  </ItemGroup>
  <ItemGroup>
    <ClInclude Include="Source\CatWare.h">
      <Filter>Source</Filter>
    </ClInclude>
    <ClInclude Include="Source\CatWare\Application.h">
      <Filter>Source\CatWare</Filter>
    </ClInclude>
    <ClInclude Include="Source\CatWare\Core.h">
      <Filter>Source\CatWare</Filter>
    </ClInclude>
    <ClInclude Include="Source\CatWare\EntryPoint.h">
      <Filter>Source\CatWare</Filter>
    </ClInclude>
    <ClInclude Include="Source\CatWare\Utils\Log.h">
      <Filter>Source\CatWare\Utils</Filter>
    </ClInclude>
    <ClInclude Include="Source\CatWare\Graphics\Window.h">
      <Filter>Source\CatWare\Graphics</Filter>
    </ClInclude>
    <ClInclude Include="Source\CatWare\Input\KeyboardAndMouse.h">
      <Filter>Source\CatWare\Input</Filter>
    </ClInclude>
    <ClInclude Include="Source\CatWare\Utils\Vector.h">
      <Filter>Source\CatWare\Utils</Filter>
    </ClInclude>
    <ClInclude Include="Source\CatWare\Input\Binds.h">
      <Filter>Source\CatWare\Input</Filter>
    </ClInclude>
    <ClInclude Include="Source\CatWare\Graphics\Renderer\Context.h">
      <Filter>Source\CatWare\Graphics\Renderer</Filter>
    </ClInclude>
    <ClInclude Include="Lib\Glad\include\glad\glad.h">
      <Filter>Extern\Glad</Filter>
    </ClInclude>
    <ClInclude Include="Lib\Glad\include\KHR\khrplatform.h">
      <Filter>Extern\Glad</Filter>
    </ClInclude>
    <ClInclude Include="Source\CatWare\Graphics\Renderer\OpenGL\OpenGLContext.h">
      <Filter>Source\CatWare\Graphics\Renderer\OpenGL</Filter>
    </ClInclude>
    <ClInclude Include="Source\CatWare\Graphics\Renderer\Buffer.h">
      <Filter>Source\CatWare\Graphics\Renderer</Filter>
    </ClInclude>
    <ClInclude Include="Source\CatWare\Graphics\Renderer\OpenGL\OpenGLBuffer.h">
      <Filter>Source\CatWare\Graphics\Renderer\OpenGL</Filter>
    </ClInclude>
    <ClInclude Include="Source\CatWare\Graphics\Renderer\Renderer.h">
      <Filter>Source\CatWare\Graphics\Renderer</Filter>
    </ClInclude>
  </ItemGroup>
  <ItemGroup>
    <ClCompile Include="Source\CatWare\Application.cpp">
      <Filter>Source\CatWare</Filter>
    </ClCompile>
    <ClCompile Include="Source\CatWare\Utils\Log.cpp">
      <Filter>Source\CatWare\Utils</Filter>
    </ClCompile>
    <ClCompile Include="Source\CatWare\Graphics\Window.cpp">
      <Filter>Source\CatWare\Graphics</Filter>
    </ClCompile>
    <ClCompile Include="Source\CatWare\Input\KeyboardAndMouse.cpp">
      <Filter>Source\CatWare\Input</Filter>
    </ClCompile>
    <ClCompile Include="Source\CatWare\Input\Binds.cpp">
      <Filter>Source\CatWare\Input</Filter>
    </ClCompile>
    <ClCompile Include="Source\CatWare\Core.cpp">
      <Filter>Source\CatWare</Filter>
    </ClCompile>
    <ClCompile Include="Lib\Glad\src\glad.c">
      <Filter>Extern\Glad</Filter>
    </ClCompile>
    <ClCompile Include="Source\CatWare\Graphics\Renderer\OpenGL\OpenGLContext.cpp">
      <Filter>Source\CatWare\Graphics\Renderer\OpenGL</Filter>
    </ClCompile>
    <ClCompile Include="Source\CatWare\Graphics\Renderer\Buffer.cpp">
      <Filter>Source\CatWare\Graphics\Renderer</Filter>
    </ClCompile>
    <ClCompile Include="Source\CatWare\Graphics\Renderer\OpenGL\OpenGLBuffer.cpp">
      <Filter>Source\CatWare\Graphics\Renderer\OpenGL</Filter>
    </ClCompile>
    <ClCompile Include="Source\CatWare\Graphics\Renderer\Renderer.cpp">
      <Filter>Source\CatWare\Graphics\Renderer</Filter>
    </ClCompile>
  </ItemGroup>
</Project>